// !$*UTF8*$!
{
	archiveVersion = 1;
	classes = {
	};
	objectVersion = 77;
	objects = {

/* Begin PBXBuildFile section */
		CA96358F2C8807D200D6E25F /* FirebaseAuth in Frameworks */ = {isa = PBXBuildFile; productRef = CA96358E2C8807D200D6E25F /* FirebaseAuth */; };
		CA9635912C8807D200D6E25F /* FirebaseAuthCombine-Community in Frameworks */ = {isa = PBXBuildFile; productRef = CA9635902C8807D200D6E25F /* FirebaseAuthCombine-Community */; };
		CA9635932C8807D200D6E25F /* FirebaseFirestore in Frameworks */ = {isa = PBXBuildFile; productRef = CA9635922C8807D200D6E25F /* FirebaseFirestore */; };
		CA9635952C8807D200D6E25F /* FirebaseFirestoreCombine-Community in Frameworks */ = {isa = PBXBuildFile; productRef = CA9635942C8807D200D6E25F /* FirebaseFirestoreCombine-Community */; };
		CAC3B27D2C90F5D700ABF15B /* Date+Extensions.swift in Sources */ = {isa = PBXBuildFile; fileRef = CAC3B2672C90F5D700ABF15B /* Date+Extensions.swift */; };
		CAC3B27E2C90F5D700ABF15B /* Event+Extensions.swift in Sources */ = {isa = PBXBuildFile; fileRef = CAC3B2682C90F5D700ABF15B /* Event+Extensions.swift */; };
		CAC3B27F2C90F5D700ABF15B /* DateRange.swift in Sources */ = {isa = PBXBuildFile; fileRef = CAC3B26A2C90F5D700ABF15B /* DateRange.swift */; };
		CAC3B2802C90F5D700ABF15B /* Event.swift in Sources */ = {isa = PBXBuildFile; fileRef = CAC3B26B2C90F5D700ABF15B /* Event.swift */; };
		CAC3B2812C90F5D700ABF15B /* CalendarViewModel.swift in Sources */ = {isa = PBXBuildFile; fileRef = CAC3B26F2C90F5D700ABF15B /* CalendarViewModel.swift */; };
		CAC3B2822C90F5D700ABF15B /* EventsForDayView.swift in Sources */ = {isa = PBXBuildFile; fileRef = CAC3B2712C90F5D700ABF15B /* EventsForDayView.swift */; };
		CAC3B2832C90F5D700ABF15B /* MonthView.swift in Sources */ = {isa = PBXBuildFile; fileRef = CAC3B2722C90F5D700ABF15B /* MonthView.swift */; };
		CAC3B2842C90F5D700ABF15B /* ContentView.swift in Sources */ = {isa = PBXBuildFile; fileRef = CAC3B2742C90F5D700ABF15B /* ContentView.swift */; };
		CAC3B2852C90F5D700ABF15B /* CreateEventView.swift in Sources */ = {isa = PBXBuildFile; fileRef = CAC3B2752C90F5D700ABF15B /* CreateEventView.swift */; };
		CAC3B2862C90F5D700ABF15B /* EventDetail.swift in Sources */ = {isa = PBXBuildFile; fileRef = CAC3B2762C90F5D700ABF15B /* EventDetail.swift */; };
		CAC3B2872C90F5D700ABF15B /* EventRow.swift in Sources */ = {isa = PBXBuildFile; fileRef = CAC3B2772C90F5D700ABF15B /* EventRow.swift */; };
		CAC3B2882C90F5D700ABF15B /* ClubConnectDemoApp.swift in Sources */ = {isa = PBXBuildFile; fileRef = CAC3B27A2C90F5D700ABF15B /* ClubConnectDemoApp.swift */; };
		CAC3B2892C90F5D700ABF15B /* Preview Assets.xcassets in Resources */ = {isa = PBXBuildFile; fileRef = CAC3B26D2C90F5D700ABF15B /* Preview Assets.xcassets */; };
		CAC3B28A2C90F5D700ABF15B /* Assets.xcassets in Resources */ = {isa = PBXBuildFile; fileRef = CAC3B2792C90F5D700ABF15B /* Assets.xcassets */; };
		CAC3B28B2C90F5D700ABF15B /* GoogleService-Info.plist in Resources */ = {isa = PBXBuildFile; fileRef = CAC3B27B2C90F5D700ABF15B /* GoogleService-Info.plist */; };
/* End PBXBuildFile section */

/* Begin PBXFileReference section */
		CA96357A2C88075000D6E25F /* ClubConnectDemo.app */ = {isa = PBXFileReference; explicitFileType = wrapper.application; includeInIndex = 0; path = ClubConnectDemo.app; sourceTree = BUILT_PRODUCTS_DIR; };
		CAC3B2672C90F5D700ABF15B /* Date+Extensions.swift */ = {isa = PBXFileReference; lastKnownFileType = sourcecode.swift; path = "Date+Extensions.swift"; sourceTree = "<group>"; };
		CAC3B2682C90F5D700ABF15B /* Event+Extensions.swift */ = {isa = PBXFileReference; lastKnownFileType = sourcecode.swift; path = "Event+Extensions.swift"; sourceTree = "<group>"; };
		CAC3B26A2C90F5D700ABF15B /* DateRange.swift */ = {isa = PBXFileReference; lastKnownFileType = sourcecode.swift; path = DateRange.swift; sourceTree = "<group>"; };
		CAC3B26B2C90F5D700ABF15B /* Event.swift */ = {isa = PBXFileReference; lastKnownFileType = sourcecode.swift; path = Event.swift; sourceTree = "<group>"; };
		CAC3B26D2C90F5D700ABF15B /* Preview Assets.xcassets */ = {isa = PBXFileReference; lastKnownFileType = folder.assetcatalog; path = "Preview Assets.xcassets"; sourceTree = "<group>"; };
		CAC3B26F2C90F5D700ABF15B /* CalendarViewModel.swift */ = {isa = PBXFileReference; lastKnownFileType = sourcecode.swift; path = CalendarViewModel.swift; sourceTree = "<group>"; };
		CAC3B2712C90F5D700ABF15B /* EventsForDayView.swift */ = {isa = PBXFileReference; lastKnownFileType = sourcecode.swift; path = EventsForDayView.swift; sourceTree = "<group>"; };
		CAC3B2722C90F5D700ABF15B /* MonthView.swift */ = {isa = PBXFileReference; lastKnownFileType = sourcecode.swift; path = MonthView.swift; sourceTree = "<group>"; };
		CAC3B2742C90F5D700ABF15B /* ContentView.swift */ = {isa = PBXFileReference; lastKnownFileType = sourcecode.swift; path = ContentView.swift; sourceTree = "<group>"; };
		CAC3B2752C90F5D700ABF15B /* CreateEventView.swift */ = {isa = PBXFileReference; lastKnownFileType = sourcecode.swift; path = CreateEventView.swift; sourceTree = "<group>"; };
		CAC3B2762C90F5D700ABF15B /* EventDetail.swift */ = {isa = PBXFileReference; lastKnownFileType = sourcecode.swift; path = EventDetail.swift; sourceTree = "<group>"; };
		CAC3B2772C90F5D700ABF15B /* EventRow.swift */ = {isa = PBXFileReference; lastKnownFileType = sourcecode.swift; path = EventRow.swift; sourceTree = "<group>"; };
		CAC3B2792C90F5D700ABF15B /* Assets.xcassets */ = {isa = PBXFileReference; lastKnownFileType = folder.assetcatalog; path = Assets.xcassets; sourceTree = "<group>"; };
		CAC3B27A2C90F5D700ABF15B /* ClubConnectDemoApp.swift */ = {isa = PBXFileReference; lastKnownFileType = sourcecode.swift; path = ClubConnectDemoApp.swift; sourceTree = "<group>"; };
		CAC3B27B2C90F5D700ABF15B /* GoogleService-Info.plist */ = {isa = PBXFileReference; lastKnownFileType = text.plist.xml; path = "GoogleService-Info.plist"; sourceTree = "<group>"; };
/* End PBXFileReference section */

/* Begin PBXFrameworksBuildPhase section */
		CA9635772C88075000D6E25F /* Frameworks */ = {
			isa = PBXFrameworksBuildPhase;
			buildActionMask = 2147483647;
			files = (
				CA96358F2C8807D200D6E25F /* FirebaseAuth in Frameworks */,
				CA9635952C8807D200D6E25F /* FirebaseFirestoreCombine-Community in Frameworks */,
				CA9635912C8807D200D6E25F /* FirebaseAuthCombine-Community in Frameworks */,
				CA9635932C8807D200D6E25F /* FirebaseFirestore in Frameworks */,
			);
			runOnlyForDeploymentPostprocessing = 0;
		};
/* End PBXFrameworksBuildPhase section */

/* Begin PBXGroup section */
		CA9635712C88075000D6E25F = {
			isa = PBXGroup;
			children = (
				CAC3B27C2C90F5D700ABF15B /* ClubConnectDemo */,
				CA96357B2C88075000D6E25F /* Products */,
			);
			sourceTree = "<group>";
		};
		CA96357B2C88075000D6E25F /* Products */ = {
			isa = PBXGroup;
			children = (
				CA96357A2C88075000D6E25F /* ClubConnectDemo.app */,
			);
			name = Products;
			sourceTree = "<group>";
		};
		CAC3B2692C90F5D700ABF15B /* Helpers */ = {
			isa = PBXGroup;
			children = (
				CAC3B2672C90F5D700ABF15B /* Date+Extensions.swift */,
				CAC3B2682C90F5D700ABF15B /* Event+Extensions.swift */,
			);
			path = Helpers;
			sourceTree = "<group>";
		};
		CAC3B26C2C90F5D700ABF15B /* Models */ = {
			isa = PBXGroup;
			children = (
				CAC3B26A2C90F5D700ABF15B /* DateRange.swift */,
				CAC3B26B2C90F5D700ABF15B /* Event.swift */,
			);
			path = Models;
			sourceTree = "<group>";
		};
		CAC3B26E2C90F5D700ABF15B /* Preview Content */ = {
			isa = PBXGroup;
			children = (
				CAC3B26D2C90F5D700ABF15B /* Preview Assets.xcassets */,
			);
			path = "Preview Content";
			sourceTree = "<group>";
		};
		CAC3B2702C90F5D700ABF15B /* ViewModels */ = {
			isa = PBXGroup;
			children = (
				CAC3B26F2C90F5D700ABF15B /* CalendarViewModel.swift */,
			);
			path = ViewModels;
			sourceTree = "<group>";
		};
		CAC3B2732C90F5D700ABF15B /* Helper */ = {
			isa = PBXGroup;
			children = (
				CAC3B2712C90F5D700ABF15B /* EventsForDayView.swift */,
				CAC3B2722C90F5D700ABF15B /* MonthView.swift */,
			);
			path = Helper;
			sourceTree = "<group>";
		};
		CAC3B2782C90F5D700ABF15B /* Views */ = {
			isa = PBXGroup;
			children = (
				CAC3B2732C90F5D700ABF15B /* Helper */,
				CAC3B2742C90F5D700ABF15B /* ContentView.swift */,
				CAC3B2752C90F5D700ABF15B /* CreateEventView.swift */,
				CAC3B2762C90F5D700ABF15B /* EventDetail.swift */,
				CAC3B2772C90F5D700ABF15B /* EventRow.swift */,
			);
			path = Views;
			sourceTree = "<group>";
		};
		CAC3B27C2C90F5D700ABF15B /* ClubConnectDemo */ = {
			isa = PBXGroup;
			children = (
				CAC3B2692C90F5D700ABF15B /* Helpers */,
				CAC3B26C2C90F5D700ABF15B /* Models */,
				CAC3B26E2C90F5D700ABF15B /* Preview Content */,
				CAC3B2702C90F5D700ABF15B /* ViewModels */,
				CAC3B2782C90F5D700ABF15B /* Views */,
				CAC3B2792C90F5D700ABF15B /* Assets.xcassets */,
				CAC3B27A2C90F5D700ABF15B /* ClubConnectDemoApp.swift */,
				CAC3B27B2C90F5D700ABF15B /* GoogleService-Info.plist */,
			);
			path = ClubConnectDemo;
			sourceTree = "<group>";
		};
/* End PBXGroup section */

/* Begin PBXNativeTarget section */
		CA9635792C88075000D6E25F /* ClubConnectDemo */ = {
			isa = PBXNativeTarget;
			buildConfigurationList = CA9635882C88075100D6E25F /* Build configuration list for PBXNativeTarget "ClubConnectDemo" */;
			buildPhases = (
				CA9635762C88075000D6E25F /* Sources */,
				CA9635772C88075000D6E25F /* Frameworks */,
				CA9635782C88075000D6E25F /* Resources */,
			);
			buildRules = (
			);
			dependencies = (
			);
			name = ClubConnectDemo;
			packageProductDependencies = (
				CA96358E2C8807D200D6E25F /* FirebaseAuth */,
				CA9635902C8807D200D6E25F /* FirebaseAuthCombine-Community */,
				CA9635922C8807D200D6E25F /* FirebaseFirestore */,
				CA9635942C8807D200D6E25F /* FirebaseFirestoreCombine-Community */,
			);
			productName = ClubConnectDemo;
			productReference = CA96357A2C88075000D6E25F /* ClubConnectDemo.app */;
			productType = "com.apple.product-type.application";
		};
/* End PBXNativeTarget section */

/* Begin PBXProject section */
		CA9635722C88075000D6E25F /* Project object */ = {
			isa = PBXProject;
			attributes = {
				BuildIndependentTargetsInParallel = 1;
				LastSwiftUpdateCheck = 1610;
				LastUpgradeCheck = 1610;
				TargetAttributes = {
					CA9635792C88075000D6E25F = {
						CreatedOnToolsVersion = 16.1;
					};
				};
			};
			buildConfigurationList = CA9635752C88075000D6E25F /* Build configuration list for PBXProject "ClubConnectDemo" */;
			developmentRegion = en;
			hasScannedForEncodings = 0;
			knownRegions = (
				en,
				Base,
			);
			mainGroup = CA9635712C88075000D6E25F;
			minimizedProjectReferenceProxies = 1;
			packageReferences = (
				CA96358D2C8807D200D6E25F /* XCRemoteSwiftPackageReference "firebase-ios-sdk" */,
			);
			preferredProjectObjectVersion = 77;
			productRefGroup = CA96357B2C88075000D6E25F /* Products */;
			projectDirPath = "";
			projectRoot = "";
			targets = (
				CA9635792C88075000D6E25F /* ClubConnectDemo */,
			);
		};
/* End PBXProject section */

/* Begin PBXResourcesBuildPhase section */
		CA9635782C88075000D6E25F /* Resources */ = {
			isa = PBXResourcesBuildPhase;
			buildActionMask = 2147483647;
			files = (
				CAC3B2892C90F5D700ABF15B /* Preview Assets.xcassets in Resources */,
				CAC3B28A2C90F5D700ABF15B /* Assets.xcassets in Resources */,
				CAC3B28B2C90F5D700ABF15B /* GoogleService-Info.plist in Resources */,
			);
			runOnlyForDeploymentPostprocessing = 0;
		};
/* End PBXResourcesBuildPhase section */

/* Begin PBXSourcesBuildPhase section */
		CA9635762C88075000D6E25F /* Sources */ = {
			isa = PBXSourcesBuildPhase;
			buildActionMask = 2147483647;
			files = (
				CAC3B27D2C90F5D700ABF15B /* Date+Extensions.swift in Sources */,
				CAC3B27E2C90F5D700ABF15B /* Event+Extensions.swift in Sources */,
				CAC3B27F2C90F5D700ABF15B /* DateRange.swift in Sources */,
				CAC3B2802C90F5D700ABF15B /* Event.swift in Sources */,
				CAC3B2812C90F5D700ABF15B /* CalendarViewModel.swift in Sources */,
				CAC3B2822C90F5D700ABF15B /* EventsForDayView.swift in Sources */,
				CAC3B2832C90F5D700ABF15B /* MonthView.swift in Sources */,
				CAC3B2842C90F5D700ABF15B /* ContentView.swift in Sources */,
				CAC3B2852C90F5D700ABF15B /* CreateEventView.swift in Sources */,
				CAC3B2862C90F5D700ABF15B /* EventDetail.swift in Sources */,
				CAC3B2872C90F5D700ABF15B /* EventRow.swift in Sources */,
				CAC3B2882C90F5D700ABF15B /* ClubConnectDemoApp.swift in Sources */,
			);
			runOnlyForDeploymentPostprocessing = 0;
		};
/* End PBXSourcesBuildPhase section */

/* Begin XCBuildConfiguration section */
		CA9635862C88075100D6E25F /* Debug */ = {
			isa = XCBuildConfiguration;
			buildSettings = {
				ALWAYS_SEARCH_USER_PATHS = NO;
				ASSETCATALOG_COMPILER_GENERATE_SWIFT_ASSET_SYMBOL_EXTENSIONS = YES;
				CLANG_ANALYZER_NONNULL = YES;
				CLANG_ANALYZER_NUMBER_OBJECT_CONVERSION = YES_AGGRESSIVE;
				CLANG_CXX_LANGUAGE_STANDARD = "gnu++20";
				CLANG_ENABLE_MODULES = YES;
				CLANG_ENABLE_OBJC_ARC = YES;
				CLANG_ENABLE_OBJC_WEAK = YES;
				CLANG_WARN_BLOCK_CAPTURE_AUTORELEASING = YES;
				CLANG_WARN_BOOL_CONVERSION = YES;
				CLANG_WARN_COMMA = YES;
				CLANG_WARN_CONSTANT_CONVERSION = YES;
				CLANG_WARN_DEPRECATED_OBJC_IMPLEMENTATIONS = YES;
				CLANG_WARN_DIRECT_OBJC_ISA_USAGE = YES_ERROR;
				CLANG_WARN_DOCUMENTATION_COMMENTS = YES;
				CLANG_WARN_EMPTY_BODY = YES;
				CLANG_WARN_ENUM_CONVERSION = YES;
				CLANG_WARN_INFINITE_RECURSION = YES;
				CLANG_WARN_INT_CONVERSION = YES;
				CLANG_WARN_NON_LITERAL_NULL_CONVERSION = YES;
				CLANG_WARN_OBJC_IMPLICIT_RETAIN_SELF = YES;
				CLANG_WARN_OBJC_LITERAL_CONVERSION = YES;
				CLANG_WARN_OBJC_ROOT_CLASS = YES_ERROR;
				CLANG_WARN_QUOTED_INCLUDE_IN_FRAMEWORK_HEADER = YES;
				CLANG_WARN_RANGE_LOOP_ANALYSIS = YES;
				CLANG_WARN_STRICT_PROTOTYPES = YES;
				CLANG_WARN_SUSPICIOUS_MOVE = YES;
				CLANG_WARN_UNGUARDED_AVAILABILITY = YES_AGGRESSIVE;
				CLANG_WARN_UNREACHABLE_CODE = YES;
				CLANG_WARN__DUPLICATE_METHOD_MATCH = YES;
				COPY_PHASE_STRIP = NO;
				DEBUG_INFORMATION_FORMAT = dwarf;
				ENABLE_STRICT_OBJC_MSGSEND = YES;
				ENABLE_TESTABILITY = YES;
				ENABLE_USER_SCRIPT_SANDBOXING = YES;
				GCC_C_LANGUAGE_STANDARD = gnu17;
				GCC_DYNAMIC_NO_PIC = NO;
				GCC_NO_COMMON_BLOCKS = YES;
				GCC_OPTIMIZATION_LEVEL = 0;
				GCC_PREPROCESSOR_DEFINITIONS = (
					"DEBUG=1",
					"$(inherited)",
				);
				GCC_WARN_64_TO_32_BIT_CONVERSION = YES;
				GCC_WARN_ABOUT_RETURN_TYPE = YES_ERROR;
				GCC_WARN_UNDECLARED_SELECTOR = YES;
				GCC_WARN_UNINITIALIZED_AUTOS = YES_AGGRESSIVE;
				GCC_WARN_UNUSED_FUNCTION = YES;
				GCC_WARN_UNUSED_VARIABLE = YES;
				IPHONEOS_DEPLOYMENT_TARGET = 18.1;
				LOCALIZATION_PREFERS_STRING_CATALOGS = YES;
				MTL_ENABLE_DEBUG_INFO = INCLUDE_SOURCE;
				MTL_FAST_MATH = YES;
				ONLY_ACTIVE_ARCH = YES;
				SDKROOT = iphoneos;
				SWIFT_ACTIVE_COMPILATION_CONDITIONS = "DEBUG $(inherited)";
				SWIFT_OPTIMIZATION_LEVEL = "-Onone";
			};
			name = Debug;
		};
		CA9635872C88075100D6E25F /* Release */ = {
			isa = XCBuildConfiguration;
			buildSettings = {
				ALWAYS_SEARCH_USER_PATHS = NO;
				ASSETCATALOG_COMPILER_GENERATE_SWIFT_ASSET_SYMBOL_EXTENSIONS = YES;
				CLANG_ANALYZER_NONNULL = YES;
				CLANG_ANALYZER_NUMBER_OBJECT_CONVERSION = YES_AGGRESSIVE;
				CLANG_CXX_LANGUAGE_STANDARD = "gnu++20";
				CLANG_ENABLE_MODULES = YES;
				CLANG_ENABLE_OBJC_ARC = YES;
				CLANG_ENABLE_OBJC_WEAK = YES;
				CLANG_WARN_BLOCK_CAPTURE_AUTORELEASING = YES;
				CLANG_WARN_BOOL_CONVERSION = YES;
				CLANG_WARN_COMMA = YES;
				CLANG_WARN_CONSTANT_CONVERSION = YES;
				CLANG_WARN_DEPRECATED_OBJC_IMPLEMENTATIONS = YES;
				CLANG_WARN_DIRECT_OBJC_ISA_USAGE = YES_ERROR;
				CLANG_WARN_DOCUMENTATION_COMMENTS = YES;
				CLANG_WARN_EMPTY_BODY = YES;
				CLANG_WARN_ENUM_CONVERSION = YES;
				CLANG_WARN_INFINITE_RECURSION = YES;
				CLANG_WARN_INT_CONVERSION = YES;
				CLANG_WARN_NON_LITERAL_NULL_CONVERSION = YES;
				CLANG_WARN_OBJC_IMPLICIT_RETAIN_SELF = YES;
				CLANG_WARN_OBJC_LITERAL_CONVERSION = YES;
				CLANG_WARN_OBJC_ROOT_CLASS = YES_ERROR;
				CLANG_WARN_QUOTED_INCLUDE_IN_FRAMEWORK_HEADER = YES;
				CLANG_WARN_RANGE_LOOP_ANALYSIS = YES;
				CLANG_WARN_STRICT_PROTOTYPES = YES;
				CLANG_WARN_SUSPICIOUS_MOVE = YES;
				CLANG_WARN_UNGUARDED_AVAILABILITY = YES_AGGRESSIVE;
				CLANG_WARN_UNREACHABLE_CODE = YES;
				CLANG_WARN__DUPLICATE_METHOD_MATCH = YES;
				COPY_PHASE_STRIP = NO;
				DEBUG_INFORMATION_FORMAT = "dwarf-with-dsym";
				ENABLE_NS_ASSERTIONS = NO;
				ENABLE_STRICT_OBJC_MSGSEND = YES;
				ENABLE_USER_SCRIPT_SANDBOXING = YES;
				GCC_C_LANGUAGE_STANDARD = gnu17;
				GCC_NO_COMMON_BLOCKS = YES;
				GCC_WARN_64_TO_32_BIT_CONVERSION = YES;
				GCC_WARN_ABOUT_RETURN_TYPE = YES_ERROR;
				GCC_WARN_UNDECLARED_SELECTOR = YES;
				GCC_WARN_UNINITIALIZED_AUTOS = YES_AGGRESSIVE;
				GCC_WARN_UNUSED_FUNCTION = YES;
				GCC_WARN_UNUSED_VARIABLE = YES;
				IPHONEOS_DEPLOYMENT_TARGET = 18.1;
				LOCALIZATION_PREFERS_STRING_CATALOGS = YES;
				MTL_ENABLE_DEBUG_INFO = NO;
				MTL_FAST_MATH = YES;
				SDKROOT = iphoneos;
				SWIFT_COMPILATION_MODE = wholemodule;
				VALIDATE_PRODUCT = YES;
			};
			name = Release;
		};
		CA9635892C88075100D6E25F /* Debug */ = {
			isa = XCBuildConfiguration;
			buildSettings = {
				ASSETCATALOG_COMPILER_APPICON_NAME = AppIcon;
				ASSETCATALOG_COMPILER_GLOBAL_ACCENT_COLOR_NAME = AccentColor;
				CODE_SIGN_STYLE = Automatic;
				CURRENT_PROJECT_VERSION = 1;
				DEVELOPMENT_ASSET_PATHS = "\"ClubConnectDemo/Preview Content\"";
				DEVELOPMENT_TEAM = 767V5JNG6F;
				ENABLE_PREVIEWS = YES;
				GENERATE_INFOPLIST_FILE = YES;
				INFOPLIST_KEY_UIApplicationSceneManifest_Generation = YES;
				INFOPLIST_KEY_UIApplicationSupportsIndirectInputEvents = YES;
				INFOPLIST_KEY_UILaunchScreen_Generation = YES;
				INFOPLIST_KEY_UISupportedInterfaceOrientations = UIInterfaceOrientationPortrait;
				INFOPLIST_KEY_UISupportedInterfaceOrientations_iPad = "UIInterfaceOrientationPortrait UIInterfaceOrientationPortraitUpsideDown";
				LD_RUNPATH_SEARCH_PATHS = (
					"$(inherited)",
					"@executable_path/Frameworks",
				);
				MARKETING_VERSION = 1.0;
				PRODUCT_BUNDLE_IDENTIFIER = club.gtios.ClubConnectDemo;
				PRODUCT_NAME = "$(TARGET_NAME)";
				SWIFT_EMIT_LOC_STRINGS = YES;
				SWIFT_VERSION = 5.0;
				TARGETED_DEVICE_FAMILY = "1,2";
			};
			name = Debug;
		};
		CA96358A2C88075100D6E25F /* Release */ = {
			isa = XCBuildConfiguration;
			buildSettings = {
				ASSETCATALOG_COMPILER_APPICON_NAME = AppIcon;
				ASSETCATALOG_COMPILER_GLOBAL_ACCENT_COLOR_NAME = AccentColor;
				CODE_SIGN_STYLE = Automatic;
				CURRENT_PROJECT_VERSION = 1;
				DEVELOPMENT_ASSET_PATHS = "\"ClubConnectDemo/Preview Content\"";
				DEVELOPMENT_TEAM = 767V5JNG6F;
				ENABLE_PREVIEWS = YES;
				GENERATE_INFOPLIST_FILE = YES;
				INFOPLIST_KEY_UIApplicationSceneManifest_Generation = YES;
				INFOPLIST_KEY_UIApplicationSupportsIndirectInputEvents = YES;
				INFOPLIST_KEY_UILaunchScreen_Generation = YES;
				INFOPLIST_KEY_UISupportedInterfaceOrientations = UIInterfaceOrientationPortrait;
				INFOPLIST_KEY_UISupportedInterfaceOrientations_iPad = "UIInterfaceOrientationPortrait UIInterfaceOrientationPortraitUpsideDown";
				LD_RUNPATH_SEARCH_PATHS = (
					"$(inherited)",
					"@executable_path/Frameworks",
				);
				MARKETING_VERSION = 1.0;
				PRODUCT_BUNDLE_IDENTIFIER = club.gtios.ClubConnectDemo;
				PRODUCT_NAME = "$(TARGET_NAME)";
				SWIFT_EMIT_LOC_STRINGS = YES;
				SWIFT_VERSION = 5.0;
				TARGETED_DEVICE_FAMILY = "1,2";
			};
			name = Release;
		};
/* End XCBuildConfiguration section */

/* Begin XCConfigurationList section */
		CA9635752C88075000D6E25F /* Build configuration list for PBXProject "ClubConnectDemo" */ = {
			isa = XCConfigurationList;
			buildConfigurations = (
				CA9635862C88075100D6E25F /* Debug */,
				CA9635872C88075100D6E25F /* Release */,
			);
			defaultConfigurationIsVisible = 0;
			defaultConfigurationName = Release;
		};
		CA9635882C88075100D6E25F /* Build configuration list for PBXNativeTarget "ClubConnectDemo" */ = {
			isa = XCConfigurationList;
			buildConfigurations = (
				CA9635892C88075100D6E25F /* Debug */,
				CA96358A2C88075100D6E25F /* Release */,
			);
			defaultConfigurationIsVisible = 0;
			defaultConfigurationName = Release;
		};
/* End XCConfigurationList section */

/* Begin XCRemoteSwiftPackageReference section */
		CA96358D2C8807D200D6E25F /* XCRemoteSwiftPackageReference "firebase-ios-sdk" */ = {
			isa = XCRemoteSwiftPackageReference;
			repositoryURL = "https://github.com/firebase/firebase-ios-sdk";
			requirement = {
				kind = upToNextMajorVersion;
				minimumVersion = 11.1.0;
			};
		};
/* End XCRemoteSwiftPackageReference section */

/* Begin XCSwiftPackageProductDependency section */
		CA96358E2C8807D200D6E25F /* FirebaseAuth */ = {
			isa = XCSwiftPackageProductDependency;
			package = CA96358D2C8807D200D6E25F /* XCRemoteSwiftPackageReference "firebase-ios-sdk" */;
			productName = FirebaseAuth;
		};
		CA9635902C8807D200D6E25F /* FirebaseAuthCombine-Community */ = {
			isa = XCSwiftPackageProductDependency;
			package = CA96358D2C8807D200D6E25F /* XCRemoteSwiftPackageReference "firebase-ios-sdk" */;
			productName = "FirebaseAuthCombine-Community";
		};
		CA9635922C8807D200D6E25F /* FirebaseFirestore */ = {
			isa = XCSwiftPackageProductDependency;
			package = CA96358D2C8807D200D6E25F /* XCRemoteSwiftPackageReference "firebase-ios-sdk" */;
			productName = FirebaseFirestore;
		};
		CA9635942C8807D200D6E25F /* FirebaseFirestoreCombine-Community */ = {
			isa = XCSwiftPackageProductDependency;
			package = CA96358D2C8807D200D6E25F /* XCRemoteSwiftPackageReference "firebase-ios-sdk" */;
			productName = "FirebaseFirestoreCombine-Community";
		};
/* End XCSwiftPackageProductDependency section */
	};
	rootObject = CA9635722C88075000D6E25F /* Project object */;
}
